
Microsoft Visual Studio Solution File, Format Version 12.00
# Visual Studio Version 17
VisualStudioVersion = 17.0.32014.148
MinimumVisualStudioVersion = 10.0.40219.1
Project("{FAE04EC0-301F-11D3-BF4B-00C04F79EFBC}") = "BookStoreApi", "BookStoreApi\BookStoreApi.csproj", "{80A1F43B-807A-431D-9599-C44777C2576B}"
EndProject
Global
	GlobalSection(SolutionConfigurationPlatforms) = preSolution
		Debug|Any CPU = Debug|Any CPU
		Release|Any CPU = Release|Any CPU
	EndGlobalSection
	GlobalSection(ProjectConfigurationPlatforms) = postSolution
		{80A1F43B-807A-431D-9599-C44777C2576B}.Debug|Any CPU.ActiveCfg = Debug|Any CPU
		{80A1F43B-807A-431D-9599-C44777C2576B}.Debug|Any CPU.Build.0 = Debug|Any CPU
		{80A1F43B-807A-431D-9599-C44777C2576B}.Release|Any CPU.ActiveCfg = Release|Any CPU
		{80A1F43B-807A-431D-9599-C44777C2576B}.Release|Any CPU.Build.0 = Release|Any CPU
	EndGlobalSection
	GlobalSection(SolutionProperties) = preSolution
		HideSolutionNode = FALSE
	EndGlobalSection
	GlobalSection(ExtensibilityGlobals) = postSolution
		SolutionGuid = {2188D7F0-A8C4-47ED-8DAE-D684DC64AC62}
	EndGlobalSection
EndGlobal
